{
  "name": "typed_latex",
  "lockfileVersion": 3,
  "requires": true,
  "packages": {
    "": {
      "dependencies": {
        "latex-utensils": "^6.2.0"
      }
    },
    "node_modules/commander": {
      "version": "11.1.0",
      "resolved": "https://registry.npmjs.org/commander/-/commander-11.1.0.tgz",
      "integrity": "sha512-yPVavfyCcRhmorC7rWlkHn15b4wDVgVmBA7kV4QVBsF7kv/9TKJAbAXVTxvTnwP8HHKjRCJDClKbciiYS7p0DQ==",
      "optional": true,
      "engines": {
        "node": ">=16"
      }
    },
    "node_modules/latex-utensils": {
      "version": "6.2.0",
      "resolved": "https://registry.npmjs.org/latex-utensils/-/latex-utensils-6.2.0.tgz",
      "integrity": "sha512-j91pvKhDQlmDV8sZhmX06xgEx3QYx7z8TJTynq0O/P7fwQIBo0VG05s7rh9mLJAp6NfTBWCIgwPBFfecwCWlqA==",
      "bin": {
        "luparse": "bin/luparse"
      },
      "optionalDependencies": {
        "commander": "^11.0.0",
        "pegjs-backtrace": "^0.2.1"
      }
    },
    "node_modules/pegjs-backtrace": {
      "version": "0.2.1",
      "resolved": "https://registry.npmjs.org/pegjs-backtrace/-/pegjs-backtrace-0.2.1.tgz",
      "integrity": "sha512-rnVQiHyTE1wZG14Vl3Xk33ecrF7ZJ7ZW7jSgSlw4LdzBuhbyGVQ+oVApQ6tRi4QsII/xHgByHb6Ax68K6SPLhw==",
      "optional": true
    }
  }
}
